
Microsoft Visual Studio Solution File, Format Version 12.00
# Visual Studio 15
VisualStudioVersion = 15.0.27130.2027
MinimumVisualStudioVersion = 10.0.40219.1
Project("{FAE04EC0-301F-11D3-BF4B-00C04F79EFBC}") = "Ch02_Basics", "Ch02_Basics\Ch02_Basics.csproj", "{0552E98B-4B53-40B0-94AC-E0EEF9FC3EE2}"
EndProject
Project("{FAE04EC0-301F-11D3-BF4B-00C04F79EFBC}") = "Ch02_Numbers", "Ch02_Numbers\Ch02_Numbers.csproj", "{79A1513F-F350-4A12-B0A3-25B2E4D35AEA}"
EndProject
Project("{FAE04EC0-301F-11D3-BF4B-00C04F79EFBC}") = "Ch02_Variables", "Ch02_Variables\Ch02_Variables.csproj", "{7018052A-D819-4F47-B4BE-CE34B0A6BC29}"
EndProject
Global
	GlobalSection(SolutionConfigurationPlatforms) = preSolution
		Debug|Any CPU = Debug|Any CPU
		Release|Any CPU = Release|Any CPU
	EndGlobalSection
	GlobalSection(ProjectConfigurationPlatforms) = postSolution
		{0552E98B-4B53-40B0-94AC-E0EEF9FC3EE2}.Debug|Any CPU.ActiveCfg = Debug|Any CPU
		{0552E98B-4B53-40B0-94AC-E0EEF9FC3EE2}.Debug|Any CPU.Build.0 = Debug|Any CPU
		{0552E98B-4B53-40B0-94AC-E0EEF9FC3EE2}.Release|Any CPU.ActiveCfg = Release|Any CPU
		{0552E98B-4B53-40B0-94AC-E0EEF9FC3EE2}.Release|Any CPU.Build.0 = Release|Any CPU
		{79A1513F-F350-4A12-B0A3-25B2E4D35AEA}.Debug|Any CPU.ActiveCfg = Debug|Any CPU
		{79A1513F-F350-4A12-B0A3-25B2E4D35AEA}.Debug|Any CPU.Build.0 = Debug|Any CPU
		{79A1513F-F350-4A12-B0A3-25B2E4D35AEA}.Release|Any CPU.ActiveCfg = Release|Any CPU
		{79A1513F-F350-4A12-B0A3-25B2E4D35AEA}.Release|Any CPU.Build.0 = Release|Any CPU
		{7018052A-D819-4F47-B4BE-CE34B0A6BC29}.Debug|Any CPU.ActiveCfg = Debug|Any CPU
		{7018052A-D819-4F47-B4BE-CE34B0A6BC29}.Debug|Any CPU.Build.0 = Debug|Any CPU
		{7018052A-D819-4F47-B4BE-CE34B0A6BC29}.Release|Any CPU.ActiveCfg = Release|Any CPU
		{7018052A-D819-4F47-B4BE-CE34B0A6BC29}.Release|Any CPU.Build.0 = Release|Any CPU
	EndGlobalSection
	GlobalSection(SolutionProperties) = preSolution
		HideSolutionNode = FALSE
	EndGlobalSection
	GlobalSection(ExtensibilityGlobals) = postSolution
		SolutionGuid = {68081DBA-95B3-4F5B-B987-F44BA06087FA}
	EndGlobalSection
EndGlobal
